
Microsoft Visual Studio Solution File, Format Version 12.00
# Visual Studio 14
VisualStudioVersion = 14.0.25420.1
MinimumVisualStudioVersion = 10.0.40219.1
Project("{8BC9CEB8-8B4A-11D0-8D11-00A0C91BC942}") = "GamePlaza", "GamePlaza\GamePlaza.vcxproj", "{94E041FD-1C1B-4D8A-B051-C50CEF2AF835}"
EndProject
Project("{8BC9CEB8-8B4A-11D0-8D11-00A0C91BC942}") = "WHImage", "WHImage\WHImage.vcxproj", "{1DE1F576-A690-4ECD-8A8A-0C826EFD2C5C}"
EndProject
Project("{8BC9CEB8-8B4A-11D0-8D11-00A0C91BC942}") = "DownLoad", "DownLoad\DownLoad.vcxproj", "{DCB737CC-8A28-446D-ABDD-1E949D721F81}"
EndProject
Project("{8BC9CEB8-8B4A-11D0-8D11-00A0C91BC942}") = "SkinControl", "SkinControl\SkinControl.vcxproj", "{54E4DC6B-EB09-4AAC-A1AC-4002D8D157C2}"
EndProject
Project("{8BC9CEB8-8B4A-11D0-8D11-00A0C91BC942}") = "GameProperty", "GameProperty\GameProperty.vcxproj", "{059655CD-12C3-4C79-B820-3182D0E2D534}"
EndProject
Project("{8BC9CEB8-8B4A-11D0-8D11-00A0C91BC942}") = "ShareControl", "ShareControl\ShareControl.vcxproj", "{C5F15978-A17C-448B-9030-88B609E1E106}"
EndProject
Project("{8BC9CEB8-8B4A-11D0-8D11-00A0C91BC942}") = "PlatformData", "PlatformData\PlatformData.vcxproj", "{5400BD7D-912D-4F66-8934-1F7F21D1178D}"
EndProject
Project("{8BC9CEB8-8B4A-11D0-8D11-00A0C91BC942}") = "AvatarControl", "AvatarControl\AvatarControl.vcxproj", "{4D0893C0-1992-4E66-ACB0-578548797888}"
EndProject
Project("{8BC9CEB8-8B4A-11D0-8D11-00A0C91BC942}") = "UserService", "UserService\UserService.vcxproj", "{5B65E53C-0CE0-468C-B136-AF7CDB03EB52}"
EndProject
Project("{8BC9CEB8-8B4A-11D0-8D11-00A0C91BC942}") = "ProcessControl", "ProcessControl\ProcessControl.vcxproj", "{046CE16F-47E4-4E29-B77B-43F9CEE9A496}"
EndProject
Project("{8BC9CEB8-8B4A-11D0-8D11-00A0C91BC942}") = "VideoService", "VideoService\VideoService.vcxproj", "{149FDBD2-F495-49D8-9FBF-67D7306FD0E4}"
EndProject
Project("{8BC9CEB8-8B4A-11D0-8D11-00A0C91BC942}") = "GameFrame", "GameFrame\GameFrame.vcxproj", "{DDAF0B0A-CB31-492D-A4B7-B8464E4312E1}"
EndProject
Project("{8BC9CEB8-8B4A-11D0-8D11-00A0C91BC942}") = "WHSocket", "WHSocket\WHSocket.vcxproj", "{C170F05C-F0D4-4D56-9DD1-22738BB94746}"
EndProject
Global
	GlobalSection(SolutionConfigurationPlatforms) = preSolution
		Debug|x64 = Debug|x64
		Debug|x86 = Debug|x86
		Release|x64 = Release|x64
		Release|x86 = Release|x86
	EndGlobalSection
	GlobalSection(ProjectConfigurationPlatforms) = postSolution
		{94E041FD-1C1B-4D8A-B051-C50CEF2AF835}.Debug|x64.ActiveCfg = Debug|x64
		{94E041FD-1C1B-4D8A-B051-C50CEF2AF835}.Debug|x64.Build.0 = Debug|x64
		{94E041FD-1C1B-4D8A-B051-C50CEF2AF835}.Debug|x86.ActiveCfg = Debug|Win32
		{94E041FD-1C1B-4D8A-B051-C50CEF2AF835}.Debug|x86.Build.0 = Debug|Win32
		{94E041FD-1C1B-4D8A-B051-C50CEF2AF835}.Release|x64.ActiveCfg = Release|x64
		{94E041FD-1C1B-4D8A-B051-C50CEF2AF835}.Release|x64.Build.0 = Release|x64
		{94E041FD-1C1B-4D8A-B051-C50CEF2AF835}.Release|x86.ActiveCfg = Release|Win32
		{94E041FD-1C1B-4D8A-B051-C50CEF2AF835}.Release|x86.Build.0 = Release|Win32
		{1DE1F576-A690-4ECD-8A8A-0C826EFD2C5C}.Debug|x64.ActiveCfg = Debug|x64
		{1DE1F576-A690-4ECD-8A8A-0C826EFD2C5C}.Debug|x64.Build.0 = Debug|x64
		{1DE1F576-A690-4ECD-8A8A-0C826EFD2C5C}.Debug|x86.ActiveCfg = Debug|Win32
		{1DE1F576-A690-4ECD-8A8A-0C826EFD2C5C}.Debug|x86.Build.0 = Debug|Win32
		{1DE1F576-A690-4ECD-8A8A-0C826EFD2C5C}.Release|x64.ActiveCfg = Release|x64
		{1DE1F576-A690-4ECD-8A8A-0C826EFD2C5C}.Release|x64.Build.0 = Release|x64
		{1DE1F576-A690-4ECD-8A8A-0C826EFD2C5C}.Release|x86.ActiveCfg = Release|Win32
		{1DE1F576-A690-4ECD-8A8A-0C826EFD2C5C}.Release|x86.Build.0 = Release|Win32
		{DCB737CC-8A28-446D-ABDD-1E949D721F81}.Debug|x64.ActiveCfg = Debug|x64
		{DCB737CC-8A28-446D-ABDD-1E949D721F81}.Debug|x64.Build.0 = Debug|x64
		{DCB737CC-8A28-446D-ABDD-1E949D721F81}.Debug|x86.ActiveCfg = Debug|Win32
		{DCB737CC-8A28-446D-ABDD-1E949D721F81}.Debug|x86.Build.0 = Debug|Win32
		{DCB737CC-8A28-446D-ABDD-1E949D721F81}.Release|x64.ActiveCfg = Release|x64
		{DCB737CC-8A28-446D-ABDD-1E949D721F81}.Release|x64.Build.0 = Release|x64
		{DCB737CC-8A28-446D-ABDD-1E949D721F81}.Release|x86.ActiveCfg = Release|Win32
		{DCB737CC-8A28-446D-ABDD-1E949D721F81}.Release|x86.Build.0 = Release|Win32
		{54E4DC6B-EB09-4AAC-A1AC-4002D8D157C2}.Debug|x64.ActiveCfg = Debug|x64
		{54E4DC6B-EB09-4AAC-A1AC-4002D8D157C2}.Debug|x64.Build.0 = Debug|x64
		{54E4DC6B-EB09-4AAC-A1AC-4002D8D157C2}.Debug|x86.ActiveCfg = Debug|Win32
		{54E4DC6B-EB09-4AAC-A1AC-4002D8D157C2}.Debug|x86.Build.0 = Debug|Win32
		{54E4DC6B-EB09-4AAC-A1AC-4002D8D157C2}.Release|x64.ActiveCfg = Release|x64
		{54E4DC6B-EB09-4AAC-A1AC-4002D8D157C2}.Release|x64.Build.0 = Release|x64
		{54E4DC6B-EB09-4AAC-A1AC-4002D8D157C2}.Release|x86.ActiveCfg = Release|Win32
		{54E4DC6B-EB09-4AAC-A1AC-4002D8D157C2}.Release|x86.Build.0 = Release|Win32
		{059655CD-12C3-4C79-B820-3182D0E2D534}.Debug|x64.ActiveCfg = Debug|x64
		{059655CD-12C3-4C79-B820-3182D0E2D534}.Debug|x64.Build.0 = Debug|x64
		{059655CD-12C3-4C79-B820-3182D0E2D534}.Debug|x86.ActiveCfg = Debug|Win32
		{059655CD-12C3-4C79-B820-3182D0E2D534}.Debug|x86.Build.0 = Debug|Win32
		{059655CD-12C3-4C79-B820-3182D0E2D534}.Release|x64.ActiveCfg = Release|x64
		{059655CD-12C3-4C79-B820-3182D0E2D534}.Release|x64.Build.0 = Release|x64
		{059655CD-12C3-4C79-B820-3182D0E2D534}.Release|x86.ActiveCfg = Release|Win32
		{059655CD-12C3-4C79-B820-3182D0E2D534}.Release|x86.Build.0 = Release|Win32
		{C5F15978-A17C-448B-9030-88B609E1E106}.Debug|x64.ActiveCfg = Debug|x64
		{C5F15978-A17C-448B-9030-88B609E1E106}.Debug|x64.Build.0 = Debug|x64
		{C5F15978-A17C-448B-9030-88B609E1E106}.Debug|x86.ActiveCfg = Debug|Win32
		{C5F15978-A17C-448B-9030-88B609E1E106}.Debug|x86.Build.0 = Debug|Win32
		{C5F15978-A17C-448B-9030-88B609E1E106}.Release|x64.ActiveCfg = Release|x64
		{C5F15978-A17C-448B-9030-88B609E1E106}.Release|x64.Build.0 = Release|x64
		{C5F15978-A17C-448B-9030-88B609E1E106}.Release|x86.ActiveCfg = Release|Win32
		{C5F15978-A17C-448B-9030-88B609E1E106}.Release|x86.Build.0 = Release|Win32
		{5400BD7D-912D-4F66-8934-1F7F21D1178D}.Debug|x64.ActiveCfg = Debug|x64
		{5400BD7D-912D-4F66-8934-1F7F21D1178D}.Debug|x64.Build.0 = Debug|x64
		{5400BD7D-912D-4F66-8934-1F7F21D1178D}.Debug|x86.ActiveCfg = Debug|Win32
		{5400BD7D-912D-4F66-8934-1F7F21D1178D}.Debug|x86.Build.0 = Debug|Win32
		{5400BD7D-912D-4F66-8934-1F7F21D1178D}.Release|x64.ActiveCfg = Release|x64
		{5400BD7D-912D-4F66-8934-1F7F21D1178D}.Release|x64.Build.0 = Release|x64
		{5400BD7D-912D-4F66-8934-1F7F21D1178D}.Release|x86.ActiveCfg = Release|Win32
		{5400BD7D-912D-4F66-8934-1F7F21D1178D}.Release|x86.Build.0 = Release|Win32
		{4D0893C0-1992-4E66-ACB0-578548797888}.Debug|x64.ActiveCfg = Debug|x64
		{4D0893C0-1992-4E66-ACB0-578548797888}.Debug|x64.Build.0 = Debug|x64
		{4D0893C0-1992-4E66-ACB0-578548797888}.Debug|x86.ActiveCfg = Debug|Win32
		{4D0893C0-1992-4E66-ACB0-578548797888}.Debug|x86.Build.0 = Debug|Win32
		{4D0893C0-1992-4E66-ACB0-578548797888}.Release|x64.ActiveCfg = Release|x64
		{4D0893C0-1992-4E66-ACB0-578548797888}.Release|x64.Build.0 = Release|x64
		{4D0893C0-1992-4E66-ACB0-578548797888}.Release|x86.ActiveCfg = Release|Win32
		{4D0893C0-1992-4E66-ACB0-578548797888}.Release|x86.Build.0 = Release|Win32
		{5B65E53C-0CE0-468C-B136-AF7CDB03EB52}.Debug|x64.ActiveCfg = Debug|x64
		{5B65E53C-0CE0-468C-B136-AF7CDB03EB52}.Debug|x64.Build.0 = Debug|x64
		{5B65E53C-0CE0-468C-B136-AF7CDB03EB52}.Debug|x86.ActiveCfg = Debug|Win32
		{5B65E53C-0CE0-468C-B136-AF7CDB03EB52}.Debug|x86.Build.0 = Debug|Win32
		{5B65E53C-0CE0-468C-B136-AF7CDB03EB52}.Release|x64.ActiveCfg = Release|x64
		{5B65E53C-0CE0-468C-B136-AF7CDB03EB52}.Release|x64.Build.0 = Release|x64
		{5B65E53C-0CE0-468C-B136-AF7CDB03EB52}.Release|x86.ActiveCfg = Release|Win32
		{5B65E53C-0CE0-468C-B136-AF7CDB03EB52}.Release|x86.Build.0 = Release|Win32
		{046CE16F-47E4-4E29-B77B-43F9CEE9A496}.Debug|x64.ActiveCfg = Debug|x64
		{046CE16F-47E4-4E29-B77B-43F9CEE9A496}.Debug|x64.Build.0 = Debug|x64
		{046CE16F-47E4-4E29-B77B-43F9CEE9A496}.Debug|x86.ActiveCfg = Debug|Win32
		{046CE16F-47E4-4E29-B77B-43F9CEE9A496}.Debug|x86.Build.0 = Debug|Win32
		{046CE16F-47E4-4E29-B77B-43F9CEE9A496}.Release|x64.ActiveCfg = Release|x64
		{046CE16F-47E4-4E29-B77B-43F9CEE9A496}.Release|x64.Build.0 = Release|x64
		{046CE16F-47E4-4E29-B77B-43F9CEE9A496}.Release|x86.ActiveCfg = Release|Win32
		{046CE16F-47E4-4E29-B77B-43F9CEE9A496}.Release|x86.Build.0 = Release|Win32
		{149FDBD2-F495-49D8-9FBF-67D7306FD0E4}.Debug|x64.ActiveCfg = Debug|x64
		{149FDBD2-F495-49D8-9FBF-67D7306FD0E4}.Debug|x64.Build.0 = Debug|x64
		{149FDBD2-F495-49D8-9FBF-67D7306FD0E4}.Debug|x86.ActiveCfg = Debug|Win32
		{149FDBD2-F495-49D8-9FBF-67D7306FD0E4}.Debug|x86.Build.0 = Debug|Win32
		{149FDBD2-F495-49D8-9FBF-67D7306FD0E4}.Release|x64.ActiveCfg = Release|x64
		{149FDBD2-F495-49D8-9FBF-67D7306FD0E4}.Release|x64.Build.0 = Release|x64
		{149FDBD2-F495-49D8-9FBF-67D7306FD0E4}.Release|x86.ActiveCfg = Release|Win32
		{149FDBD2-F495-49D8-9FBF-67D7306FD0E4}.Release|x86.Build.0 = Release|Win32
		{DDAF0B0A-CB31-492D-A4B7-B8464E4312E1}.Debug|x64.ActiveCfg = Debug|x64
		{DDAF0B0A-CB31-492D-A4B7-B8464E4312E1}.Debug|x64.Build.0 = Debug|x64
		{DDAF0B0A-CB31-492D-A4B7-B8464E4312E1}.Debug|x86.ActiveCfg = Debug|Win32
		{DDAF0B0A-CB31-492D-A4B7-B8464E4312E1}.Debug|x86.Build.0 = Debug|Win32
		{DDAF0B0A-CB31-492D-A4B7-B8464E4312E1}.Release|x64.ActiveCfg = Release|x64
		{DDAF0B0A-CB31-492D-A4B7-B8464E4312E1}.Release|x64.Build.0 = Release|x64
		{DDAF0B0A-CB31-492D-A4B7-B8464E4312E1}.Release|x86.ActiveCfg = Release|Win32
		{DDAF0B0A-CB31-492D-A4B7-B8464E4312E1}.Release|x86.Build.0 = Release|Win32
		{C170F05C-F0D4-4D56-9DD1-22738BB94746}.Debug|x64.ActiveCfg = Debug|x64
		{C170F05C-F0D4-4D56-9DD1-22738BB94746}.Debug|x64.Build.0 = Debug|x64
		{C170F05C-F0D4-4D56-9DD1-22738BB94746}.Debug|x86.ActiveCfg = Debug|Win32
		{C170F05C-F0D4-4D56-9DD1-22738BB94746}.Debug|x86.Build.0 = Debug|Win32
		{C170F05C-F0D4-4D56-9DD1-22738BB94746}.Release|x64.ActiveCfg = Release|x64
		{C170F05C-F0D4-4D56-9DD1-22738BB94746}.Release|x64.Build.0 = Release|x64
		{C170F05C-F0D4-4D56-9DD1-22738BB94746}.Release|x86.ActiveCfg = Release|Win32
		{C170F05C-F0D4-4D56-9DD1-22738BB94746}.Release|x86.Build.0 = Release|Win32
	EndGlobalSection
	GlobalSection(SolutionProperties) = preSolution
		HideSolutionNode = FALSE
	EndGlobalSection
EndGlobal
