<?xml version="1.0" encoding="utf-8"?>
<Project ToolsVersion="4.0" xmlns="http://schemas.microsoft.com/developer/msbuild/2003">
  <ItemGroup>
    <Filter Include="源文件">
      <UniqueIdentifier>{4FC737F1-C7A5-4376-A066-2A32D752A2FF}</UniqueIdentifier>
      <Extensions>cpp;c;cc;cxx;def;odl;idl;hpj;bat;asm;asmx</Extensions>
    </Filter>
    <Filter Include="头文件">
      <UniqueIdentifier>{93995380-89BD-4b04-88EB-625FBE52EBFB}</UniqueIdentifier>
      <Extensions>h;hh;hpp;hxx;hm;inl;inc;xsd</Extensions>
    </Filter>
    <Filter Include="资源文件">
      <UniqueIdentifier>{67DA6AB6-F800-4c08-8B7A-83BB121AAD01}</UniqueIdentifier>
      <Extensions>rc;ico;cur;bmp;dlg;rc2;rct;bin;rgs;gif;jpg;jpeg;jpe;resx;tiff;tif;png;wav;mfcribbon-ms</Extensions>
    </Filter>
  </ItemGroup>
  <ItemGroup>
    <Text Include="ReadMe.txt" />
  </ItemGroup>
  <ItemGroup>
    <ClCompile Include="stdafx.cpp">
      <Filter>源文件</Filter>
    </ClCompile>
    <ClCompile Include="ClientKernel.cpp">
      <Filter>源文件</Filter>
    </ClCompile>
    <ClCompile Include="DlgGameOption.cpp">
      <Filter>源文件</Filter>
    </ClCompile>
    <ClCompile Include="DlgGameRule.cpp">
      <Filter>源文件</Filter>
    </ClCompile>
    <ClCompile Include="DlgInsureGame.cpp">
      <Filter>源文件</Filter>
    </ClCompile>
    <ClCompile Include="DlgMatchAwards.cpp">
      <Filter>源文件</Filter>
    </ClCompile>
    <ClCompile Include="GameFrameApp.cpp">
      <Filter>源文件</Filter>
    </ClCompile>
    <ClCompile Include="GameFrameAvatar.cpp">
      <Filter>源文件</Filter>
    </ClCompile>
    <ClCompile Include="GameFrameControl.cpp">
      <Filter>源文件</Filter>
    </ClCompile>
    <ClCompile Include="GameFrameDll.cpp">
      <Filter>源文件</Filter>
    </ClCompile>
    <ClCompile Include="GameFrameEngine.cpp">
      <Filter>源文件</Filter>
    </ClCompile>
    <ClCompile Include="GameFrameMedalView.cpp">
      <Filter>源文件</Filter>
    </ClCompile>
    <ClCompile Include="GameFramePublicize.cpp">
      <Filter>源文件</Filter>
    </ClCompile>
    <ClCompile Include="GameFrameService.cpp">
      <Filter>源文件</Filter>
    </ClCompile>
    <ClCompile Include="GameFrameUserView.cpp">
      <Filter>源文件</Filter>
    </ClCompile>
    <ClCompile Include="GameFrameView.cpp">
      <Filter>源文件</Filter>
    </ClCompile>
    <ClCompile Include="GameFrameViewD3D.cpp">
      <Filter>源文件</Filter>
    </ClCompile>
    <ClCompile Include="GameFrameViewGDI.cpp">
      <Filter>源文件</Filter>
    </ClCompile>
    <ClCompile Include="GameFrameWnd.cpp">
      <Filter>源文件</Filter>
    </ClCompile>
    <ClCompile Include="GameOptionItem.cpp">
      <Filter>源文件</Filter>
    </ClCompile>
    <ClCompile Include="GlobalUnits.cpp">
      <Filter>源文件</Filter>
    </ClCompile>
    <ClCompile Include="TimerPulseEngine.cpp">
      <Filter>源文件</Filter>
    </ClCompile>
    <ClCompile Include="Custsite.cpp">
      <Filter>源文件</Filter>
    </ClCompile>
    <ClCompile Include="IDispimp.cpp">
      <Filter>源文件</Filter>
    </ClCompile>
  </ItemGroup>
  <ItemGroup>
    <None Include="GameFrame.def">
      <Filter>源文件</Filter>
    </None>
    <None Include="res\GameFrame.rc2">
      <Filter>资源文件</Filter>
    </None>
  </ItemGroup>
  <ItemGroup>
    <ClInclude Include="stdafx.h">
      <Filter>头文件</Filter>
    </ClInclude>
    <ClInclude Include="targetver.h">
      <Filter>头文件</Filter>
    </ClInclude>
    <ClInclude Include="Resource.h">
      <Filter>头文件</Filter>
    </ClInclude>
  </ItemGroup>
  <ItemGroup>
    <ResourceCompile Include="GameFrame.rc">
      <Filter>资源文件</Filter>
    </ResourceCompile>
  </ItemGroup>
  <ItemGroup>
    <Image Include="res\GAME_CHAT\BT_CHAT_BUTTON_1.bmp">
      <Filter>资源文件</Filter>
    </Image>
    <Image Include="res\GAME_CHAT\BT_CHAT_BUTTON_1.png">
      <Filter>资源文件</Filter>
    </Image>
    <Image Include="res\GAME_CHAT\BT_CHAT_BUTTON_2.bmp">
      <Filter>资源文件</Filter>
    </Image>
    <Image Include="res\GAME_CHAT\BT_CHAT_BUTTON_2.png">
      <Filter>资源文件</Filter>
    </Image>
    <Image Include="res\GAME_CHAT\BT_CHAT_BUTTON_3.bmp">
      <Filter>资源文件</Filter>
    </Image>
    <Image Include="res\GAME_CHAT\BT_CHAT_BUTTON_3.png">
      <Filter>资源文件</Filter>
    </Image>
    <Image Include="res\GAME_CHAT\BT_CHAT_BUTTON_4.bmp">
      <Filter>资源文件</Filter>
    </Image>
    <Image Include="res\GAME_CHAT\BT_CHAT_BUTTON_4.png">
      <Filter>资源文件</Filter>
    </Image>
    <Image Include="res\GAME_CHAT\BT_CHAT_CLOSE.bmp">
      <Filter>资源文件</Filter>
    </Image>
    <Image Include="res\GAME_CHAT\BT_CHAT_CONTROL.bmp">
      <Filter>资源文件</Filter>
    </Image>
    <Image Include="res\GAME_CHAT\BT_CHAT_SHORT.bmp">
      <Filter>资源文件</Filter>
    </Image>
    <Image Include="res\GAME_CHAT\BT_SEND_CHAT.bmp">
      <Filter>资源文件</Filter>
    </Image>
    <Image Include="res\GAME_CHAT\CHAT_BL.bmp">
      <Filter>资源文件</Filter>
    </Image>
    <Image Include="res\GAME_CHAT\CHAT_BM.bmp">
      <Filter>资源文件</Filter>
    </Image>
    <Image Include="res\GAME_CHAT\CHAT_BR.bmp">
      <Filter>资源文件</Filter>
    </Image>
    <Image Include="res\GAME_CHAT\CHAT_CONTROL_BACK.bmp">
      <Filter>资源文件</Filter>
    </Image>
    <Image Include="res\GAME_CHAT\CHAT_ML.bmp">
      <Filter>资源文件</Filter>
    </Image>
    <Image Include="res\GAME_CHAT\CHAT_MR.bmp">
      <Filter>资源文件</Filter>
    </Image>
    <Image Include="res\GAME_CHAT\CHAT_TL.bmp">
      <Filter>资源文件</Filter>
    </Image>
    <Image Include="res\GAME_CHAT\CHAT_TM.bmp">
      <Filter>资源文件</Filter>
    </Image>
    <Image Include="res\GAME_CHAT\CHAT_TR.bmp">
      <Filter>资源文件</Filter>
    </Image>
    <Image Include="res\GAME_FRAME\BT_CLOSE.bmp">
      <Filter>资源文件</Filter>
    </Image>
    <Image Include="res\GAME_FRAME\BT_CLOSE.png">
      <Filter>资源文件</Filter>
    </Image>
    <Image Include="res\GAME_FRAME\BT_MAX.bmp">
      <Filter>资源文件</Filter>
    </Image>
    <Image Include="res\GAME_FRAME\BT_MIN.bmp">
      <Filter>资源文件</Filter>
    </Image>
    <Image Include="res\GAME_FRAME\BT_MUSIC.bmp">
      <Filter>资源文件</Filter>
    </Image>
    <Image Include="res\GAME_FRAME\BT_RESORE.bmp">
      <Filter>资源文件</Filter>
    </Image>
    <Image Include="res\GAME_FRAME\BT_RULES.bmp">
      <Filter>资源文件</Filter>
    </Image>
    <Image Include="res\GAME_FRAME\BT_SET.bmp">
      <Filter>资源文件</Filter>
    </Image>
    <Image Include="res\GAME_FRAME\BT_SKIN.bmp">
      <Filter>资源文件</Filter>
    </Image>
    <Image Include="res\GAME_FRAME\BT_SLIENT.bmp">
      <Filter>资源文件</Filter>
    </Image>
    <Image Include="res\GAME_FRAME\FRAME_BL.bmp">
      <Filter>资源文件</Filter>
    </Image>
    <Image Include="res\GAME_FRAME\FRAME_BM.bmp">
      <Filter>资源文件</Filter>
    </Image>
    <Image Include="res\GAME_FRAME\FRAME_BR.bmp">
      <Filter>资源文件</Filter>
    </Image>
    <Image Include="res\GAME_FRAME\FRAME_ML.bmp">
      <Filter>资源文件</Filter>
    </Image>
    <Image Include="res\GAME_FRAME\FRAME_MR.bmp">
      <Filter>资源文件</Filter>
    </Image>
    <Image Include="res\GAME_FRAME\FRAME_TL.bmp">
      <Filter>资源文件</Filter>
    </Image>
    <Image Include="res\GAME_FRAME\FRAME_TM.bmp">
      <Filter>资源文件</Filter>
    </Image>
    <Image Include="res\GAME_FRAME\FRAME_TR.bmp">
      <Filter>资源文件</Filter>
    </Image>
    <Image Include="res\GAME_FRAME\OPTION_LOGO.bmp">
      <Filter>资源文件</Filter>
    </Image>
    <Image Include="res\GAME_INSURE\BANK_FRAME.png">
      <Filter>资源文件</Filter>
    </Image>
    <Image Include="res\GAME_INSURE\BANKNUM.png">
      <Filter>资源文件</Filter>
    </Image>
    <Image Include="res\GAME_INSURE\BT_CLOSE.bmp">
      <Filter>资源文件</Filter>
    </Image>
    <Image Include="res\GAME_INSURE\BT_FRESH.bmp">
      <Filter>资源文件</Filter>
    </Image>
    <Image Include="res\GAME_INSURE\BT_GETGOLD.bmp">
      <Filter>资源文件</Filter>
    </Image>
    <Image Include="res\GAME_INSURE\BT_SAVEGOLD.bmp">
      <Filter>资源文件</Filter>
    </Image>
    <Image Include="res\GAME_MATCH\BT_CLOSE.bmp">
      <Filter>资源文件</Filter>
    </Image>
    <Image Include="res\GAME_MATCH\LINE.png">
      <Filter>资源文件</Filter>
    </Image>
    <Image Include="res\GAME_MATCH\MATCH_AWARDS.png">
      <Filter>资源文件</Filter>
    </Image>
    <Image Include="res\GAME_MATCH\MATCH_INFO.png">
      <Filter>资源文件</Filter>
    </Image>
    <Image Include="res\GAME_MATCH\NUMBER_GREEN.png">
      <Filter>资源文件</Filter>
    </Image>
    <Image Include="res\GAME_MATCH\NUMBER_ORANGE.png">
      <Filter>资源文件</Filter>
    </Image>
    <Image Include="res\GAME_MATCH\TABLE_TL.bmp">
      <Filter>资源文件</Filter>
    </Image>
    <Image Include="res\GAME_MATCH\TABLE_TM.bmp">
      <Filter>资源文件</Filter>
    </Image>
    <Image Include="res\GAME_MATCH\TABLE_TR.bmp">
      <Filter>资源文件</Filter>
    </Image>
    <Image Include="res\GAME_MATCH\WAIT_TIP.png">
      <Filter>资源文件</Filter>
    </Image>
    <Image Include="res\GAME_PROPERTY\GAME_PROPERTY_ITEM.bmp">
      <Filter>资源文件</Filter>
    </Image>
    <Image Include="res\GAME_PROPERTY\GAME_PROPERTY_L.bmp">
      <Filter>资源文件</Filter>
    </Image>
    <Image Include="res\GAME_PROPERTY\GAME_PROPERTY_M.bmp">
      <Filter>资源文件</Filter>
    </Image>
    <Image Include="res\GAME_PROPERTY\GAME_PROPERTY_R.bmp">
      <Filter>资源文件</Filter>
    </Image>
    <Image Include="res\USER_INFO\BT_LOVE_LINESS.PNG">
      <Filter>资源文件</Filter>
    </Image>
    <Image Include="res\USER_INFO\BT_USER_DEMAL.PNG">
      <Filter>资源文件</Filter>
    </Image>
    <Image Include="res\USER_INFO\BT_USER_INFO.bmp">
      <Filter>资源文件</Filter>
    </Image>
    <Image Include="res\USER_INFO\USER_INFO_L.bmp">
      <Filter>资源文件</Filter>
    </Image>
    <Image Include="res\USER_INFO\USER_INFO_M.bmp">
      <Filter>资源文件</Filter>
    </Image>
    <Image Include="res\USER_INFO\USER_INFO_R.bmp">
      <Filter>资源文件</Filter>
    </Image>
    <Image Include="res\USER_LIST\USER_LIST_BL.bmp">
      <Filter>资源文件</Filter>
    </Image>
    <Image Include="res\USER_LIST\USER_LIST_BM.bmp">
      <Filter>资源文件</Filter>
    </Image>
    <Image Include="res\USER_LIST\USER_LIST_BR.bmp">
      <Filter>资源文件</Filter>
    </Image>
    <Image Include="res\USER_LIST\USER_LIST_ML.bmp">
      <Filter>资源文件</Filter>
    </Image>
    <Image Include="res\USER_LIST\USER_LIST_MR.bmp">
      <Filter>资源文件</Filter>
    </Image>
    <Image Include="res\USER_LIST\USER_LIST_TL.bmp">
      <Filter>资源文件</Filter>
    </Image>
    <Image Include="res\USER_LIST\USER_LIST_TM.bmp">
      <Filter>资源文件</Filter>
    </Image>
    <Image Include="res\USER_LIST\USER_LIST_TR.bmp">
      <Filter>资源文件</Filter>
    </Image>
    <Image Include="res\USER_MEDAL\MEDAL_COUNT.png">
      <Filter>资源文件</Filter>
    </Image>
    <Image Include="res\USER_MEDAL\MEDAL_STRING_L.png">
      <Filter>资源文件</Filter>
    </Image>
    <Image Include="res\USER_MEDAL\MEDAL_STRING_R.png">
      <Filter>资源文件</Filter>
    </Image>
    <Image Include="res\USER_MEDAL\USER_MEDAL_L.bmp">
      <Filter>资源文件</Filter>
    </Image>
    <Image Include="res\USER_MEDAL\USER_MEDAL_M.bmp">
      <Filter>资源文件</Filter>
    </Image>
    <Image Include="res\USER_MEDAL\USER_MEDAL_R.bmp">
      <Filter>资源文件</Filter>
    </Image>
    <Image Include="res\LOAD_STATUS.PNG">
      <Filter>资源文件</Filter>
    </Image>
    <Image Include="res\MEMBER_FLAG.png">
      <Filter>资源文件</Filter>
    </Image>
    <Image Include="res\USER_CLOCK_BACK.png">
      <Filter>资源文件</Filter>
    </Image>
    <Image Include="res\USER_CLOCK_ITEM.png">
      <Filter>资源文件</Filter>
    </Image>
    <Image Include="res\USER_READY.png">
      <Filter>资源文件</Filter>
    </Image>
    <Image Include="res\USER_MEDAL\MEDAL_STRING_L..png">
      <Filter>资源文件</Filter>
    </Image>
  </ItemGroup>
</Project>